
Microsoft Visual Studio Solution File, Format Version 12.00
# Visual Studio 14
VisualStudioVersion = 14.0.25420.1
MinimumVisualStudioVersion = 10.0.40219.1
Project("{FAE04EC0-301F-11D3-BF4B-00C04F79EFBC}") = "PclLocalizer.Console", "PclLocalizer.Console\PclLocalizer.Console.csproj", "{2FD7AF11-5617-4858-834A-1003DF2BE277}"
EndProject
Project("{FAE04EC0-301F-11D3-BF4B-00C04F79EFBC}") = "PclLocalizer.ResMan", "PclLocalizer.ResMan\PclLocalizer.ResMan.csproj", "{3719D1C0-F9BD-4DD0-8162-7B7EEB285FFD}"
EndProject
Project("{FAE04EC0-301F-11D3-BF4B-00C04F79EFBC}") = "Buttami", "Buttami\Buttami.csproj", "{E3DD094E-33EB-459C-9B0F-B4DDD0940B50}"
EndProject
Project("{FAE04EC0-301F-11D3-BF4B-00C04F79EFBC}") = "Buttami.Console", "Buttami.Console\Buttami.Console.csproj", "{F006802D-3E26-4FC0-888A-83FC4E601888}"
EndProject
Global
	GlobalSection(SolutionConfigurationPlatforms) = preSolution
		Debug|Any CPU = Debug|Any CPU
		Release|Any CPU = Release|Any CPU
	EndGlobalSection
	GlobalSection(ProjectConfigurationPlatforms) = postSolution
		{2FD7AF11-5617-4858-834A-1003DF2BE277}.Debug|Any CPU.ActiveCfg = Debug|Any CPU
		{2FD7AF11-5617-4858-834A-1003DF2BE277}.Debug|Any CPU.Build.0 = Debug|Any CPU
		{2FD7AF11-5617-4858-834A-1003DF2BE277}.Release|Any CPU.ActiveCfg = Release|Any CPU
		{2FD7AF11-5617-4858-834A-1003DF2BE277}.Release|Any CPU.Build.0 = Release|Any CPU
		{3719D1C0-F9BD-4DD0-8162-7B7EEB285FFD}.Debug|Any CPU.ActiveCfg = Debug|Any CPU
		{3719D1C0-F9BD-4DD0-8162-7B7EEB285FFD}.Debug|Any CPU.Build.0 = Debug|Any CPU
		{3719D1C0-F9BD-4DD0-8162-7B7EEB285FFD}.Release|Any CPU.ActiveCfg = Release|Any CPU
		{3719D1C0-F9BD-4DD0-8162-7B7EEB285FFD}.Release|Any CPU.Build.0 = Release|Any CPU
		{E3DD094E-33EB-459C-9B0F-B4DDD0940B50}.Debug|Any CPU.ActiveCfg = Debug|Any CPU
		{E3DD094E-33EB-459C-9B0F-B4DDD0940B50}.Debug|Any CPU.Build.0 = Debug|Any CPU
		{E3DD094E-33EB-459C-9B0F-B4DDD0940B50}.Release|Any CPU.ActiveCfg = Release|Any CPU
		{E3DD094E-33EB-459C-9B0F-B4DDD0940B50}.Release|Any CPU.Build.0 = Release|Any CPU
		{F006802D-3E26-4FC0-888A-83FC4E601888}.Debug|Any CPU.ActiveCfg = Debug|Any CPU
		{F006802D-3E26-4FC0-888A-83FC4E601888}.Debug|Any CPU.Build.0 = Debug|Any CPU
		{F006802D-3E26-4FC0-888A-83FC4E601888}.Release|Any CPU.ActiveCfg = Release|Any CPU
		{F006802D-3E26-4FC0-888A-83FC4E601888}.Release|Any CPU.Build.0 = Release|Any CPU
	EndGlobalSection
	GlobalSection(SolutionProperties) = preSolution
		HideSolutionNode = FALSE
	EndGlobalSection
EndGlobal
