
Microsoft Visual Studio Solution File, Format Version 12.00
# Visual Studio 14
VisualStudioVersion = 14.0.25420.1
MinimumVisualStudioVersion = 10.0.40219.1
Project("{FAE04EC0-301F-11D3-BF4B-00C04F79EFBC}") = "PclLocalizer.Console", "PclLocalizer.Console\PclLocalizer.Console.csproj", "{2FD7AF11-5617-4858-834A-1003DF2BE277}"
EndProject
Project("{FAE04EC0-301F-11D3-BF4B-00C04F79EFBC}") = "PclLocalizer.ResMan", "PclLocalizer.ResMan\PclLocalizer.ResMan.csproj", "{3719D1C0-F9BD-4DD0-8162-7B7EEB285FFD}"
EndProject
Project("{FAE04EC0-301F-11D3-BF4B-00C04F79EFBC}") = "NugetTest", "NugetTest\NugetTest.csproj", "{5EC9F33D-990A-4ED6-86ED-9BC4D127E63D}"
EndProject
Project("{2150E333-8FDC-42A3-9474-1A3956D46DE8}") = "NugTest", "NugTest", "{D1F197C3-0388-4BD2-8788-5A5D553CEC00}"
EndProject
Project("{FAE04EC0-301F-11D3-BF4B-00C04F79EFBC}") = "NugetTest.Console", "NugetTest.Console\NugetTest.Console.csproj", "{523CC58C-10C1-4628-BCA3-9D3FE30B670C}"
EndProject
Global
	GlobalSection(SolutionConfigurationPlatforms) = preSolution
		Debug|Any CPU = Debug|Any CPU
		Release|Any CPU = Release|Any CPU
	EndGlobalSection
	GlobalSection(ProjectConfigurationPlatforms) = postSolution
		{2FD7AF11-5617-4858-834A-1003DF2BE277}.Debug|Any CPU.ActiveCfg = Debug|Any CPU
		{2FD7AF11-5617-4858-834A-1003DF2BE277}.Debug|Any CPU.Build.0 = Debug|Any CPU
		{2FD7AF11-5617-4858-834A-1003DF2BE277}.Release|Any CPU.ActiveCfg = Release|Any CPU
		{2FD7AF11-5617-4858-834A-1003DF2BE277}.Release|Any CPU.Build.0 = Release|Any CPU
		{3719D1C0-F9BD-4DD0-8162-7B7EEB285FFD}.Debug|Any CPU.ActiveCfg = Debug|Any CPU
		{3719D1C0-F9BD-4DD0-8162-7B7EEB285FFD}.Debug|Any CPU.Build.0 = Debug|Any CPU
		{3719D1C0-F9BD-4DD0-8162-7B7EEB285FFD}.Release|Any CPU.ActiveCfg = Release|Any CPU
		{3719D1C0-F9BD-4DD0-8162-7B7EEB285FFD}.Release|Any CPU.Build.0 = Release|Any CPU
		{5EC9F33D-990A-4ED6-86ED-9BC4D127E63D}.Debug|Any CPU.ActiveCfg = Debug|Any CPU
		{5EC9F33D-990A-4ED6-86ED-9BC4D127E63D}.Debug|Any CPU.Build.0 = Debug|Any CPU
		{5EC9F33D-990A-4ED6-86ED-9BC4D127E63D}.Release|Any CPU.ActiveCfg = Release|Any CPU
		{5EC9F33D-990A-4ED6-86ED-9BC4D127E63D}.Release|Any CPU.Build.0 = Release|Any CPU
		{523CC58C-10C1-4628-BCA3-9D3FE30B670C}.Debug|Any CPU.ActiveCfg = Debug|Any CPU
		{523CC58C-10C1-4628-BCA3-9D3FE30B670C}.Debug|Any CPU.Build.0 = Debug|Any CPU
		{523CC58C-10C1-4628-BCA3-9D3FE30B670C}.Release|Any CPU.ActiveCfg = Release|Any CPU
		{523CC58C-10C1-4628-BCA3-9D3FE30B670C}.Release|Any CPU.Build.0 = Release|Any CPU
	EndGlobalSection
	GlobalSection(SolutionProperties) = preSolution
		HideSolutionNode = FALSE
	EndGlobalSection
	GlobalSection(NestedProjects) = preSolution
		{5EC9F33D-990A-4ED6-86ED-9BC4D127E63D} = {D1F197C3-0388-4BD2-8788-5A5D553CEC00}
		{523CC58C-10C1-4628-BCA3-9D3FE30B670C} = {D1F197C3-0388-4BD2-8788-5A5D553CEC00}
	EndGlobalSection
EndGlobal
